
Microsoft Visual Studio Solution File, Format Version 12.00
# Visual Studio Version 17
VisualStudioVersion = 17.2.32630.192
MinimumVisualStudioVersion = 10.0.40219.1
Project("{888888A0-9F3D-457C-B088-3A5042F75D52}") = "RandomLetters", "RandomLetters\RandomLetters.pyproj", "{6744CF31-94F5-434B-B4C3-6D0B7BB59697}"
EndProject
Global
	GlobalSection(SolutionConfigurationPlatforms) = preSolution
		Debug|Any CPU = Debug|Any CPU
		Release|Any CPU = Release|Any CPU
	EndGlobalSection
	GlobalSection(ProjectConfigurationPlatforms) = postSolution
		{6744CF31-94F5-434B-B4C3-6D0B7BB59697}.Debug|Any CPU.ActiveCfg = Debug|Any CPU
		{6744CF31-94F5-434B-B4C3-6D0B7BB59697}.Release|Any CPU.ActiveCfg = Release|Any CPU
	EndGlobalSection
	GlobalSection(SolutionProperties) = preSolution
		HideSolutionNode = FALSE
	EndGlobalSection
	GlobalSection(ExtensibilityGlobals) = postSolution
		SolutionGuid = {246875DC-15FA-4D20-A98E-BDCBEA712725}
	EndGlobalSection
EndGlobal
